
Microsoft Visual Studio Solution File, Format Version 12.00
# Visual Studio 14
VisualStudioVersion = 14.0.25420.1
MinimumVisualStudioVersion = 10.0.40219.1
Project("{8BB2217D-0F2D-49D1-97BC-3654ED321F3B}") = "NugetyCore", "src\NugetyCore\NugetyCore.xproj", "{4CB066AA-7A5D-4A72-BDCB-29D3A5E0FDFF}"
EndProject
Project("{8BB2217D-0F2D-49D1-97BC-3654ED321F3B}") = "NugetyCore.AspNetCore", "src\NugetyCore.AspNetCore\NugetyCore.AspNetCore.xproj", "{15AF23D4-17D2-44FC-BD5A-5BF86F0ACB50}"
EndProject
Project("{8BB2217D-0F2D-49D1-97BC-3654ED321F3B}") = "NugetyCore.Nuget", "src\NugetyCore.Nuget\NugetyCore.Nuget.xproj", "{C26E091B-1397-406E-9758-4BD4CAB0C2A3}"
EndProject
Project("{8BB2217D-0F2D-49D1-97BC-3654ED321F3B}") = "NugetyCore.Nuget.Tests", "src\NugetyCore.Nuget.Tests\NugetyCore.Nuget.Tests.xproj", "{62685049-EB7C-4D39-B3AD-A9205EEAAC28}"
EndProject
Project("{8BB2217D-0F2D-49D1-97BC-3654ED321F3B}") = "NugetyCore.Tests", "src\NugetyCore.Tests\NugetyCore.Tests.xproj", "{165647E9-35B5-40F3-B48E-829DF4E8AF62}"
EndProject
Project("{8BB2217D-0F2D-49D1-97BC-3654ED321F3B}") = "NugetyCore.Tests.Common", "src\NugetyCore.Tests.Common\NugetyCore.Tests.Common.xproj", "{6F410A8F-06B6-4D04-A9BB-2AD1916E4806}"
EndProject
Project("{8BB2217D-0F2D-49D1-97BC-3654ED321F3B}") = "NugetyCore.Tests.Dependency1", "src\NugetyCore.Tests.Dependency1\NugetyCore.Tests.Dependency1.xproj", "{E3D7346A-7F0C-4ACA-8CAD-0B3A6C1411C9}"
EndProject
Project("{8BB2217D-0F2D-49D1-97BC-3654ED321F3B}") = "NugetyCore.Tests.Module1", "src\NugetyCore.Tests.Module1\NugetyCore.Tests.Module1.xproj", "{69643F75-7A3F-4D9C-AD61-9AB37D221A64}"
EndProject
Project("{8BB2217D-0F2D-49D1-97BC-3654ED321F3B}") = "NugetyCore.Tests.Module2", "src\NugetyCore.Tests.Module2\NugetyCore.Tests.Module2.xproj", "{BAE3E1C8-8DB2-47E2-A209-F64B6E1FE212}"
EndProject
Project("{8BB2217D-0F2D-49D1-97BC-3654ED321F3B}") = "NugetyCore.Tests.Module3", "src\NugetyCore.Tests.Module3\NugetyCore.Tests.Module3.xproj", "{6A8D59DA-5B59-471D-88F6-3022389530C0}"
EndProject
Global
	GlobalSection(SolutionConfigurationPlatforms) = preSolution
		Debug|Any CPU = Debug|Any CPU
		Release|Any CPU = Release|Any CPU
	EndGlobalSection
	GlobalSection(ProjectConfigurationPlatforms) = postSolution
		{4CB066AA-7A5D-4A72-BDCB-29D3A5E0FDFF}.Debug|Any CPU.ActiveCfg = Debug|Any CPU
		{4CB066AA-7A5D-4A72-BDCB-29D3A5E0FDFF}.Debug|Any CPU.Build.0 = Debug|Any CPU
		{4CB066AA-7A5D-4A72-BDCB-29D3A5E0FDFF}.Release|Any CPU.ActiveCfg = Release|Any CPU
		{4CB066AA-7A5D-4A72-BDCB-29D3A5E0FDFF}.Release|Any CPU.Build.0 = Release|Any CPU
		{15AF23D4-17D2-44FC-BD5A-5BF86F0ACB50}.Debug|Any CPU.ActiveCfg = Debug|Any CPU
		{15AF23D4-17D2-44FC-BD5A-5BF86F0ACB50}.Debug|Any CPU.Build.0 = Debug|Any CPU
		{15AF23D4-17D2-44FC-BD5A-5BF86F0ACB50}.Release|Any CPU.ActiveCfg = Release|Any CPU
		{15AF23D4-17D2-44FC-BD5A-5BF86F0ACB50}.Release|Any CPU.Build.0 = Release|Any CPU
		{C26E091B-1397-406E-9758-4BD4CAB0C2A3}.Debug|Any CPU.ActiveCfg = Debug|Any CPU
		{C26E091B-1397-406E-9758-4BD4CAB0C2A3}.Debug|Any CPU.Build.0 = Debug|Any CPU
		{C26E091B-1397-406E-9758-4BD4CAB0C2A3}.Release|Any CPU.ActiveCfg = Release|Any CPU
		{C26E091B-1397-406E-9758-4BD4CAB0C2A3}.Release|Any CPU.Build.0 = Release|Any CPU
		{62685049-EB7C-4D39-B3AD-A9205EEAAC28}.Debug|Any CPU.ActiveCfg = Debug|Any CPU
		{62685049-EB7C-4D39-B3AD-A9205EEAAC28}.Debug|Any CPU.Build.0 = Debug|Any CPU
		{62685049-EB7C-4D39-B3AD-A9205EEAAC28}.Release|Any CPU.ActiveCfg = Release|Any CPU
		{62685049-EB7C-4D39-B3AD-A9205EEAAC28}.Release|Any CPU.Build.0 = Release|Any CPU
		{165647E9-35B5-40F3-B48E-829DF4E8AF62}.Debug|Any CPU.ActiveCfg = Debug|Any CPU
		{165647E9-35B5-40F3-B48E-829DF4E8AF62}.Debug|Any CPU.Build.0 = Debug|Any CPU
		{165647E9-35B5-40F3-B48E-829DF4E8AF62}.Release|Any CPU.ActiveCfg = Release|Any CPU
		{165647E9-35B5-40F3-B48E-829DF4E8AF62}.Release|Any CPU.Build.0 = Release|Any CPU
		{6F410A8F-06B6-4D04-A9BB-2AD1916E4806}.Debug|Any CPU.ActiveCfg = Debug|Any CPU
		{6F410A8F-06B6-4D04-A9BB-2AD1916E4806}.Debug|Any CPU.Build.0 = Debug|Any CPU
		{6F410A8F-06B6-4D04-A9BB-2AD1916E4806}.Release|Any CPU.ActiveCfg = Release|Any CPU
		{6F410A8F-06B6-4D04-A9BB-2AD1916E4806}.Release|Any CPU.Build.0 = Release|Any CPU
		{E3D7346A-7F0C-4ACA-8CAD-0B3A6C1411C9}.Debug|Any CPU.ActiveCfg = Debug|Any CPU
		{E3D7346A-7F0C-4ACA-8CAD-0B3A6C1411C9}.Debug|Any CPU.Build.0 = Debug|Any CPU
		{E3D7346A-7F0C-4ACA-8CAD-0B3A6C1411C9}.Release|Any CPU.ActiveCfg = Release|Any CPU
		{E3D7346A-7F0C-4ACA-8CAD-0B3A6C1411C9}.Release|Any CPU.Build.0 = Release|Any CPU
		{69643F75-7A3F-4D9C-AD61-9AB37D221A64}.Debug|Any CPU.ActiveCfg = Debug|Any CPU
		{69643F75-7A3F-4D9C-AD61-9AB37D221A64}.Debug|Any CPU.Build.0 = Debug|Any CPU
		{69643F75-7A3F-4D9C-AD61-9AB37D221A64}.Release|Any CPU.ActiveCfg = Release|Any CPU
		{69643F75-7A3F-4D9C-AD61-9AB37D221A64}.Release|Any CPU.Build.0 = Release|Any CPU
		{BAE3E1C8-8DB2-47E2-A209-F64B6E1FE212}.Debug|Any CPU.ActiveCfg = Debug|Any CPU
		{BAE3E1C8-8DB2-47E2-A209-F64B6E1FE212}.Debug|Any CPU.Build.0 = Debug|Any CPU
		{BAE3E1C8-8DB2-47E2-A209-F64B6E1FE212}.Release|Any CPU.ActiveCfg = Release|Any CPU
		{BAE3E1C8-8DB2-47E2-A209-F64B6E1FE212}.Release|Any CPU.Build.0 = Release|Any CPU
		{6A8D59DA-5B59-471D-88F6-3022389530C0}.Debug|Any CPU.ActiveCfg = Debug|Any CPU
		{6A8D59DA-5B59-471D-88F6-3022389530C0}.Debug|Any CPU.Build.0 = Debug|Any CPU
		{6A8D59DA-5B59-471D-88F6-3022389530C0}.Release|Any CPU.ActiveCfg = Release|Any CPU
		{6A8D59DA-5B59-471D-88F6-3022389530C0}.Release|Any CPU.Build.0 = Release|Any CPU
	EndGlobalSection
	GlobalSection(SolutionProperties) = preSolution
		HideSolutionNode = FALSE
	EndGlobalSection
EndGlobal
